
Microsoft Visual Studio Solution File, Format Version 12.00
# Visual Studio Version 17
VisualStudioVersion = 17.0.32112.339
MinimumVisualStudioVersion = 10.0.40219.1
Project("{FAE04EC0-301F-11D3-BF4B-00C04F79EFBC}") = "B_21_2", "B_21_2\B_21_2.csproj", "{014B01A2-E286-44F4-B130-D251624C9364}"
EndProject
Global
	GlobalSection(SolutionConfigurationPlatforms) = preSolution
		Debug|Any CPU = Debug|Any CPU
		Release|Any CPU = Release|Any CPU
	EndGlobalSection
	GlobalSection(ProjectConfigurationPlatforms) = postSolution
		{014B01A2-E286-44F4-B130-D251624C9364}.Debug|Any CPU.ActiveCfg = Debug|Any CPU
		{014B01A2-E286-44F4-B130-D251624C9364}.Debug|Any CPU.Build.0 = Debug|Any CPU
		{014B01A2-E286-44F4-B130-D251624C9364}.Release|Any CPU.ActiveCfg = Release|Any CPU
		{014B01A2-E286-44F4-B130-D251624C9364}.Release|Any CPU.Build.0 = Release|Any CPU
	EndGlobalSection
	GlobalSection(SolutionProperties) = preSolution
		HideSolutionNode = FALSE
	EndGlobalSection
	GlobalSection(ExtensibilityGlobals) = postSolution
		SolutionGuid = {CAD6A798-6770-4D6C-9FCF-16E45B330C67}
	EndGlobalSection
EndGlobal
